
Microsoft Visual Studio Solution File, Format Version 12.00
# Visual Studio Version 16
VisualStudioVersion = 16.0.30114.105
MinimumVisualStudioVersion = 10.0.40219.1
Project("{FAE04EC0-301F-11D3-BF4B-00C04F79EFBC}") = "CovidTrack.Server", "CovidTrack\Server\CovidTrack.Server.csproj", "{6E03FC81-0304-4FDA-BF12-5D2B3649C149}"
EndProject
Project("{FAE04EC0-301F-11D3-BF4B-00C04F79EFBC}") = "CovidTrack.Client", "CovidTrack\Client\CovidTrack.Client.csproj", "{DA27517A-3355-4F5F-8F71-4C382C1473A9}"
EndProject
Project("{FAE04EC0-301F-11D3-BF4B-00C04F79EFBC}") = "CovidTrack.Shared", "CovidTrack\Shared\CovidTrack.Shared.csproj", "{2C47BD3F-555A-4C33-9850-FD3EE70E3B96}"
EndProject
Global
	GlobalSection(SolutionConfigurationPlatforms) = preSolution
		Debug|Any CPU = Debug|Any CPU
		Release|Any CPU = Release|Any CPU
	EndGlobalSection
	GlobalSection(ProjectConfigurationPlatforms) = postSolution
		{6E03FC81-0304-4FDA-BF12-5D2B3649C149}.Debug|Any CPU.ActiveCfg = Debug|Any CPU
		{6E03FC81-0304-4FDA-BF12-5D2B3649C149}.Debug|Any CPU.Build.0 = Debug|Any CPU
		{6E03FC81-0304-4FDA-BF12-5D2B3649C149}.Release|Any CPU.ActiveCfg = Release|Any CPU
		{6E03FC81-0304-4FDA-BF12-5D2B3649C149}.Release|Any CPU.Build.0 = Release|Any CPU
		{DA27517A-3355-4F5F-8F71-4C382C1473A9}.Debug|Any CPU.ActiveCfg = Debug|Any CPU
		{DA27517A-3355-4F5F-8F71-4C382C1473A9}.Debug|Any CPU.Build.0 = Debug|Any CPU
		{DA27517A-3355-4F5F-8F71-4C382C1473A9}.Release|Any CPU.ActiveCfg = Release|Any CPU
		{DA27517A-3355-4F5F-8F71-4C382C1473A9}.Release|Any CPU.Build.0 = Release|Any CPU
		{2C47BD3F-555A-4C33-9850-FD3EE70E3B96}.Debug|Any CPU.ActiveCfg = Debug|Any CPU
		{2C47BD3F-555A-4C33-9850-FD3EE70E3B96}.Debug|Any CPU.Build.0 = Debug|Any CPU
		{2C47BD3F-555A-4C33-9850-FD3EE70E3B96}.Release|Any CPU.ActiveCfg = Release|Any CPU
		{2C47BD3F-555A-4C33-9850-FD3EE70E3B96}.Release|Any CPU.Build.0 = Release|Any CPU
	EndGlobalSection
	GlobalSection(SolutionProperties) = preSolution
		HideSolutionNode = FALSE
	EndGlobalSection
	GlobalSection(ExtensibilityGlobals) = postSolution
		SolutionGuid = {EAE951CD-A628-4013-9DA0-C504CCED80F5}
	EndGlobalSection
EndGlobal
